
Microsoft Visual Studio Solution File, Format Version 12.00
# Visual Studio Version 17
VisualStudioVersion = 17.5.33516.290
MinimumVisualStudioVersion = 10.0.40219.1
Project("{FAE04EC0-301F-11D3-BF4B-00C04F79EFBC}") = "FullStackSenai-ProjTeste-CECM", "FullStackSenai-ProjTeste-CECM\FullStackSenai-ProjTeste-CECM.csproj", "{59427568-6C56-48CE-A08A-998BE63BE7A1}"
EndProject
Project("{FAE04EC0-301F-11D3-BF4B-00C04F79EFBC}") = "TesteMsTeste", "TesteMsTeste\TesteMsTeste.csproj", "{FA85F280-C045-4588-B2AA-30DE1D408324}"
EndProject
Project("{FAE04EC0-301F-11D3-BF4B-00C04F79EFBC}") = "TesteXUnit", "TesteXUnit\TesteXUnit.csproj", "{2783FF8D-9E79-4765-A748-BD11C3A5B76B}"
EndProject
Global
	GlobalSection(SolutionConfigurationPlatforms) = preSolution
		Debug|Any CPU = Debug|Any CPU
		Release|Any CPU = Release|Any CPU
	EndGlobalSection
	GlobalSection(ProjectConfigurationPlatforms) = postSolution
		{59427568-6C56-48CE-A08A-998BE63BE7A1}.Debug|Any CPU.ActiveCfg = Debug|Any CPU
		{59427568-6C56-48CE-A08A-998BE63BE7A1}.Debug|Any CPU.Build.0 = Debug|Any CPU
		{59427568-6C56-48CE-A08A-998BE63BE7A1}.Release|Any CPU.ActiveCfg = Release|Any CPU
		{59427568-6C56-48CE-A08A-998BE63BE7A1}.Release|Any CPU.Build.0 = Release|Any CPU
		{FA85F280-C045-4588-B2AA-30DE1D408324}.Debug|Any CPU.ActiveCfg = Debug|Any CPU
		{FA85F280-C045-4588-B2AA-30DE1D408324}.Debug|Any CPU.Build.0 = Debug|Any CPU
		{FA85F280-C045-4588-B2AA-30DE1D408324}.Release|Any CPU.ActiveCfg = Release|Any CPU
		{FA85F280-C045-4588-B2AA-30DE1D408324}.Release|Any CPU.Build.0 = Release|Any CPU
		{2783FF8D-9E79-4765-A748-BD11C3A5B76B}.Debug|Any CPU.ActiveCfg = Debug|Any CPU
		{2783FF8D-9E79-4765-A748-BD11C3A5B76B}.Debug|Any CPU.Build.0 = Debug|Any CPU
		{2783FF8D-9E79-4765-A748-BD11C3A5B76B}.Release|Any CPU.ActiveCfg = Release|Any CPU
		{2783FF8D-9E79-4765-A748-BD11C3A5B76B}.Release|Any CPU.Build.0 = Release|Any CPU
	EndGlobalSection
	GlobalSection(SolutionProperties) = preSolution
		HideSolutionNode = FALSE
	EndGlobalSection
	GlobalSection(ExtensibilityGlobals) = postSolution
		SolutionGuid = {14489E0D-0DB6-4485-8A98-737E463E3895}
	EndGlobalSection
EndGlobal
