
Microsoft Visual Studio Solution File, Format Version 12.00
# Visual Studio Version 17
VisualStudioVersion = 17.4.33403.182
MinimumVisualStudioVersion = 10.0.40219.1
Project("{FAE04EC0-301F-11D3-BF4B-00C04F79EFBC}") = "ChapterFS11", "WebApplication2\ChapterFS11.csproj", "{4A334406-C616-4FA1-B5B0-EF41DD33FA6C}"
EndProject
Global
	GlobalSection(SolutionConfigurationPlatforms) = preSolution
		Debug|Any CPU = Debug|Any CPU
		Release|Any CPU = Release|Any CPU
	EndGlobalSection
	GlobalSection(ProjectConfigurationPlatforms) = postSolution
		{4A334406-C616-4FA1-B5B0-EF41DD33FA6C}.Debug|Any CPU.ActiveCfg = Debug|Any CPU
		{4A334406-C616-4FA1-B5B0-EF41DD33FA6C}.Debug|Any CPU.Build.0 = Debug|Any CPU
		{4A334406-C616-4FA1-B5B0-EF41DD33FA6C}.Release|Any CPU.ActiveCfg = Release|Any CPU
		{4A334406-C616-4FA1-B5B0-EF41DD33FA6C}.Release|Any CPU.Build.0 = Release|Any CPU
	EndGlobalSection
	GlobalSection(SolutionProperties) = preSolution
		HideSolutionNode = FALSE
	EndGlobalSection
	GlobalSection(ExtensibilityGlobals) = postSolution
		SolutionGuid = {72AB82BA-FC0C-49BB-8F78-47CCC0E1A4B9}
	EndGlobalSection
EndGlobal
